
Microsoft Visual Studio Solution File, Format Version 12.00
# Visual Studio Version 17
VisualStudioVersion = 17.1.32210.238
MinimumVisualStudioVersion = 10.0.40219.1
Project("{FAE04EC0-301F-11D3-BF4B-00C04F79EFBC}") = "Session-03", "Session-03\Session-03.csproj", "{D454C9B8-D280-4244-8EBB-4ADCDBB3B57E}"
EndProject
Global
	GlobalSection(SolutionConfigurationPlatforms) = preSolution
		Debug|Any CPU = Debug|Any CPU
		Release|Any CPU = Release|Any CPU
	EndGlobalSection
	GlobalSection(ProjectConfigurationPlatforms) = postSolution
		{D454C9B8-D280-4244-8EBB-4ADCDBB3B57E}.Debug|Any CPU.ActiveCfg = Debug|Any CPU
		{D454C9B8-D280-4244-8EBB-4ADCDBB3B57E}.Debug|Any CPU.Build.0 = Debug|Any CPU
		{D454C9B8-D280-4244-8EBB-4ADCDBB3B57E}.Release|Any CPU.ActiveCfg = Release|Any CPU
		{D454C9B8-D280-4244-8EBB-4ADCDBB3B57E}.Release|Any CPU.Build.0 = Release|Any CPU
	EndGlobalSection
	GlobalSection(SolutionProperties) = preSolution
		HideSolutionNode = FALSE
	EndGlobalSection
	GlobalSection(ExtensibilityGlobals) = postSolution
		SolutionGuid = {F0EDA140-19EB-4D99-85BA-9F479E69BD79}
	EndGlobalSection
EndGlobal
